
Microsoft Visual Studio Solution File, Format Version 12.00
# Visual Studio Version 17
VisualStudioVersion = 17.5.002.0
MinimumVisualStudioVersion = 10.0.40219.1
Project("{2150E333-8FDC-42A3-9474-1A3956D46DE8}") = "src", "src", "{2CD01CC1-4912-439F-B04F-1792EBA3FC5D}"
EndProject
Project("{9A19103F-16F7-4668-BE54-9A1E7A4F7556}") = "Api", "src\Api\Api.csproj", "{15C8339D-85A1-49D0-BFC2-9C6856CA73EB}"
EndProject
Project("{9A19103F-16F7-4668-BE54-9A1E7A4F7556}") = "Application", "src\Application\Application.csproj", "{3B7F0D96-5130-4090-9002-ED68047468F2}"
EndProject
Project("{9A19103F-16F7-4668-BE54-9A1E7A4F7556}") = "Domain", "src\Domain\Domain.csproj", "{28B24290-72F0-4677-B70C-256C0477CA24}"
EndProject
Project("{9A19103F-16F7-4668-BE54-9A1E7A4F7556}") = "Identity", "src\Identity\Identity.csproj", "{08623F9A-E71B-4630-A143-F53CAD91D717}"
EndProject
Project("{9A19103F-16F7-4668-BE54-9A1E7A4F7556}") = "Infrastructure", "src\Infrastructure\Infrastructure.csproj", "{EE4EA06A-8A54-4BE6-ADB2-5AAD7DCFC8D9}"
EndProject
Project("{9A19103F-16F7-4668-BE54-9A1E7A4F7556}") = "Persistence", "src\Persistence\Persistence.csproj", "{484041A8-757E-4EF3-969C-EA739C0614B4}"
EndProject
Project("{FAE04EC0-301F-11D3-BF4B-00C04F79EFBC}") = "Mvc", "src\Mvc\Mvc.csproj", "{CF589FDF-EB86-4816-A21A-324C98D612D4}"
EndProject
Project("{2150E333-8FDC-42A3-9474-1A3956D46DE8}") = "Core", "Core", "{26DD8EF7-6CFB-42B6-AFF1-EB72F657C102}"
EndProject
Project("{2150E333-8FDC-42A3-9474-1A3956D46DE8}") = "Infrastructure", "Infrastructure", "{D381428B-7410-49EB-8ACF-B44EA67FE759}"
EndProject
Project("{2150E333-8FDC-42A3-9474-1A3956D46DE8}") = "UI", "UI", "{6E741C70-01D7-41DD-8634-DF38D02ECCE0}"
EndProject
Project("{2150E333-8FDC-42A3-9474-1A3956D46DE8}") = "API", "API", "{1C2DAB4E-0F5D-4DA2-BC75-D1C41AB6F750}"
EndProject
Project("{2150E333-8FDC-42A3-9474-1A3956D46DE8}") = "Tests", "Tests", "{AD4C92EE-AA30-4138-AE71-768F11946810}"
EndProject
Project("{FAE04EC0-301F-11D3-BF4B-00C04F79EFBC}") = "Tests", "src\Tests\Tests.csproj", "{7A07A9A7-2719-48FF-A3EE-8B13D2B60E96}"
EndProject
Global
	GlobalSection(SolutionConfigurationPlatforms) = preSolution
		Debug|Any CPU = Debug|Any CPU
		Release|Any CPU = Release|Any CPU
	EndGlobalSection
	GlobalSection(ProjectConfigurationPlatforms) = postSolution
		{15C8339D-85A1-49D0-BFC2-9C6856CA73EB}.Debug|Any CPU.ActiveCfg = Debug|Any CPU
		{15C8339D-85A1-49D0-BFC2-9C6856CA73EB}.Debug|Any CPU.Build.0 = Debug|Any CPU
		{15C8339D-85A1-49D0-BFC2-9C6856CA73EB}.Release|Any CPU.ActiveCfg = Release|Any CPU
		{15C8339D-85A1-49D0-BFC2-9C6856CA73EB}.Release|Any CPU.Build.0 = Release|Any CPU
		{3B7F0D96-5130-4090-9002-ED68047468F2}.Debug|Any CPU.ActiveCfg = Debug|Any CPU
		{3B7F0D96-5130-4090-9002-ED68047468F2}.Debug|Any CPU.Build.0 = Debug|Any CPU
		{3B7F0D96-5130-4090-9002-ED68047468F2}.Release|Any CPU.ActiveCfg = Release|Any CPU
		{3B7F0D96-5130-4090-9002-ED68047468F2}.Release|Any CPU.Build.0 = Release|Any CPU
		{28B24290-72F0-4677-B70C-256C0477CA24}.Debug|Any CPU.ActiveCfg = Debug|Any CPU
		{28B24290-72F0-4677-B70C-256C0477CA24}.Debug|Any CPU.Build.0 = Debug|Any CPU
		{28B24290-72F0-4677-B70C-256C0477CA24}.Release|Any CPU.ActiveCfg = Release|Any CPU
		{28B24290-72F0-4677-B70C-256C0477CA24}.Release|Any CPU.Build.0 = Release|Any CPU
		{08623F9A-E71B-4630-A143-F53CAD91D717}.Debug|Any CPU.ActiveCfg = Debug|Any CPU
		{08623F9A-E71B-4630-A143-F53CAD91D717}.Debug|Any CPU.Build.0 = Debug|Any CPU
		{08623F9A-E71B-4630-A143-F53CAD91D717}.Release|Any CPU.ActiveCfg = Release|Any CPU
		{08623F9A-E71B-4630-A143-F53CAD91D717}.Release|Any CPU.Build.0 = Release|Any CPU
		{EE4EA06A-8A54-4BE6-ADB2-5AAD7DCFC8D9}.Debug|Any CPU.ActiveCfg = Debug|Any CPU
		{EE4EA06A-8A54-4BE6-ADB2-5AAD7DCFC8D9}.Debug|Any CPU.Build.0 = Debug|Any CPU
		{EE4EA06A-8A54-4BE6-ADB2-5AAD7DCFC8D9}.Release|Any CPU.ActiveCfg = Release|Any CPU
		{EE4EA06A-8A54-4BE6-ADB2-5AAD7DCFC8D9}.Release|Any CPU.Build.0 = Release|Any CPU
		{484041A8-757E-4EF3-969C-EA739C0614B4}.Debug|Any CPU.ActiveCfg = Debug|Any CPU
		{484041A8-757E-4EF3-969C-EA739C0614B4}.Debug|Any CPU.Build.0 = Debug|Any CPU
		{484041A8-757E-4EF3-969C-EA739C0614B4}.Release|Any CPU.ActiveCfg = Release|Any CPU
		{484041A8-757E-4EF3-969C-EA739C0614B4}.Release|Any CPU.Build.0 = Release|Any CPU
		{CF589FDF-EB86-4816-A21A-324C98D612D4}.Debug|Any CPU.ActiveCfg = Debug|Any CPU
		{CF589FDF-EB86-4816-A21A-324C98D612D4}.Debug|Any CPU.Build.0 = Debug|Any CPU
		{CF589FDF-EB86-4816-A21A-324C98D612D4}.Release|Any CPU.ActiveCfg = Release|Any CPU
		{CF589FDF-EB86-4816-A21A-324C98D612D4}.Release|Any CPU.Build.0 = Release|Any CPU
		{7A07A9A7-2719-48FF-A3EE-8B13D2B60E96}.Debug|Any CPU.ActiveCfg = Debug|Any CPU
		{7A07A9A7-2719-48FF-A3EE-8B13D2B60E96}.Debug|Any CPU.Build.0 = Debug|Any CPU
		{7A07A9A7-2719-48FF-A3EE-8B13D2B60E96}.Release|Any CPU.ActiveCfg = Release|Any CPU
		{7A07A9A7-2719-48FF-A3EE-8B13D2B60E96}.Release|Any CPU.Build.0 = Release|Any CPU
	EndGlobalSection
	GlobalSection(SolutionProperties) = preSolution
		HideSolutionNode = FALSE
	EndGlobalSection
	GlobalSection(NestedProjects) = preSolution
		{26DD8EF7-6CFB-42B6-AFF1-EB72F657C102} = {2CD01CC1-4912-439F-B04F-1792EBA3FC5D}
		{3B7F0D96-5130-4090-9002-ED68047468F2} = {26DD8EF7-6CFB-42B6-AFF1-EB72F657C102}
		{28B24290-72F0-4677-B70C-256C0477CA24} = {26DD8EF7-6CFB-42B6-AFF1-EB72F657C102}
		{D381428B-7410-49EB-8ACF-B44EA67FE759} = {2CD01CC1-4912-439F-B04F-1792EBA3FC5D}
		{484041A8-757E-4EF3-969C-EA739C0614B4} = {D381428B-7410-49EB-8ACF-B44EA67FE759}
		{EE4EA06A-8A54-4BE6-ADB2-5AAD7DCFC8D9} = {D381428B-7410-49EB-8ACF-B44EA67FE759}
		{08623F9A-E71B-4630-A143-F53CAD91D717} = {D381428B-7410-49EB-8ACF-B44EA67FE759}
		{6E741C70-01D7-41DD-8634-DF38D02ECCE0} = {2CD01CC1-4912-439F-B04F-1792EBA3FC5D}
		{CF589FDF-EB86-4816-A21A-324C98D612D4} = {6E741C70-01D7-41DD-8634-DF38D02ECCE0}
		{1C2DAB4E-0F5D-4DA2-BC75-D1C41AB6F750} = {2CD01CC1-4912-439F-B04F-1792EBA3FC5D}
		{15C8339D-85A1-49D0-BFC2-9C6856CA73EB} = {1C2DAB4E-0F5D-4DA2-BC75-D1C41AB6F750}
		{AD4C92EE-AA30-4138-AE71-768F11946810} = {2CD01CC1-4912-439F-B04F-1792EBA3FC5D}
		{7A07A9A7-2719-48FF-A3EE-8B13D2B60E96} = {AD4C92EE-AA30-4138-AE71-768F11946810}
	EndGlobalSection
	GlobalSection(ExtensibilityGlobals) = postSolution
		SolutionGuid = {19F7F7FF-E251-4E8C-816B-E3548538490B}
	EndGlobalSection
EndGlobal
