
Microsoft Visual Studio Solution File, Format Version 12.00
# Visual Studio Version 17
VisualStudioVersion = 17.5.002.0
MinimumVisualStudioVersion = 10.0.40219.1
Project("{2150E333-8FDC-42A3-9474-1A3956D46DE8}") = "src", "src", "{2CD01CC1-4912-439F-B04F-1792EBA3FC5D}"
EndProject
Project("{9A19103F-16F7-4668-BE54-9A1E7A4F7556}") = "Web", "src\Web\Web.csproj", "{15C8339D-85A1-49D0-BFC2-9C6856CA73EB}"
EndProject
Project("{9A19103F-16F7-4668-BE54-9A1E7A4F7556}") = "Application", "src\Application\Application.csproj", "{3B7F0D96-5130-4090-9002-ED68047468F2}"
EndProject
Project("{9A19103F-16F7-4668-BE54-9A1E7A4F7556}") = "Domain", "src\Domain\Domain.csproj", "{28B24290-72F0-4677-B70C-256C0477CA24}"
EndProject
Project("{9A19103F-16F7-4668-BE54-9A1E7A4F7556}") = "Infrastructure", "src\Infrastructure\Infrastructure.csproj", "{EE4EA06A-8A54-4BE6-ADB2-5AAD7DCFC8D9}"
EndProject
Project("{2150E333-8FDC-42A3-9474-1A3956D46DE8}") = "tests", "tests", "{AD4C92EE-AA30-4138-AE71-768F11946810}"
EndProject
Global
	GlobalSection(SolutionConfigurationPlatforms) = preSolution
		Debug|Any CPU = Debug|Any CPU
		Release|Any CPU = Release|Any CPU
	EndGlobalSection
	GlobalSection(ProjectConfigurationPlatforms) = postSolution
		{15C8339D-85A1-49D0-BFC2-9C6856CA73EB}.Debug|Any CPU.ActiveCfg = Debug|Any CPU
		{15C8339D-85A1-49D0-BFC2-9C6856CA73EB}.Debug|Any CPU.Build.0 = Debug|Any CPU
		{15C8339D-85A1-49D0-BFC2-9C6856CA73EB}.Release|Any CPU.ActiveCfg = Release|Any CPU
		{15C8339D-85A1-49D0-BFC2-9C6856CA73EB}.Release|Any CPU.Build.0 = Release|Any CPU
		{3B7F0D96-5130-4090-9002-ED68047468F2}.Debug|Any CPU.ActiveCfg = Debug|Any CPU
		{3B7F0D96-5130-4090-9002-ED68047468F2}.Debug|Any CPU.Build.0 = Debug|Any CPU
		{3B7F0D96-5130-4090-9002-ED68047468F2}.Release|Any CPU.ActiveCfg = Release|Any CPU
		{3B7F0D96-5130-4090-9002-ED68047468F2}.Release|Any CPU.Build.0 = Release|Any CPU
		{28B24290-72F0-4677-B70C-256C0477CA24}.Debug|Any CPU.ActiveCfg = Debug|Any CPU
		{28B24290-72F0-4677-B70C-256C0477CA24}.Debug|Any CPU.Build.0 = Debug|Any CPU
		{28B24290-72F0-4677-B70C-256C0477CA24}.Release|Any CPU.ActiveCfg = Release|Any CPU
		{28B24290-72F0-4677-B70C-256C0477CA24}.Release|Any CPU.Build.0 = Release|Any CPU
		{EE4EA06A-8A54-4BE6-ADB2-5AAD7DCFC8D9}.Debug|Any CPU.ActiveCfg = Debug|Any CPU
		{EE4EA06A-8A54-4BE6-ADB2-5AAD7DCFC8D9}.Debug|Any CPU.Build.0 = Debug|Any CPU
		{EE4EA06A-8A54-4BE6-ADB2-5AAD7DCFC8D9}.Release|Any CPU.ActiveCfg = Release|Any CPU
		{EE4EA06A-8A54-4BE6-ADB2-5AAD7DCFC8D9}.Release|Any CPU.Build.0 = Release|Any CPU
	EndGlobalSection
	GlobalSection(SolutionProperties) = preSolution
		HideSolutionNode = FALSE
	EndGlobalSection
	GlobalSection(NestedProjects) = preSolution
		{15C8339D-85A1-49D0-BFC2-9C6856CA73EB} = {2CD01CC1-4912-439F-B04F-1792EBA3FC5D}
		{3B7F0D96-5130-4090-9002-ED68047468F2} = {2CD01CC1-4912-439F-B04F-1792EBA3FC5D}
		{EE4EA06A-8A54-4BE6-ADB2-5AAD7DCFC8D9} = {2CD01CC1-4912-439F-B04F-1792EBA3FC5D}
		{28B24290-72F0-4677-B70C-256C0477CA24} = {2CD01CC1-4912-439F-B04F-1792EBA3FC5D}
	EndGlobalSection
	GlobalSection(ExtensibilityGlobals) = postSolution
		SolutionGuid = {19F7F7FF-E251-4E8C-816B-E3548538490B}
	EndGlobalSection
EndGlobal
